// !$*UTF8*$!
{
	archiveVersion = 1;
	classes = {
	};
	objectVersion = 46;
	objects = {

/* Begin PBXBuildFile section */
		26AF626B1CD72AC10028CCC7 /* JTSImageViewController.h in Headers */ = {isa = PBXBuildFile; fileRef = 26AF626A1CD72AC10028CCC7 /* JTSImageViewController.h */; settings = {ATTRIBUTES = (Public, ); }; };
		26AF627D1CD72B000028CCC7 /* JTSAnimatedGIFUtility.h in Headers */ = {isa = PBXBuildFile; fileRef = 26AF62721CD72B000028CCC7 /* JTSAnimatedGIFUtility.h */; };
		26AF627E1CD72B000028CCC7 /* JTSAnimatedGIFUtility.m in Sources */ = {isa = PBXBuildFile; fileRef = 26AF62731CD72B000028CCC7 /* JTSAnimatedGIFUtility.m */; };
		26AF627F1CD72B000028CCC7 /* JTSImageInfo.h in Headers */ = {isa = PBXBuildFile; fileRef = 26AF62741CD72B000028CCC7 /* JTSImageInfo.h */; };
		26AF62801CD72B000028CCC7 /* JTSImageInfo.m in Sources */ = {isa = PBXBuildFile; fileRef = 26AF62751CD72B000028CCC7 /* JTSImageInfo.m */; };
		26AF62811CD72B000028CCC7 /* JTSImageViewController.m in Sources */ = {isa = PBXBuildFile; fileRef = 26AF62761CD72B000028CCC7 /* JTSImageViewController.m */; };
		26AF62821CD72B000028CCC7 /* JTSSimpleImageDownloader.h in Headers */ = {isa = PBXBuildFile; fileRef = 26AF62771CD72B000028CCC7 /* JTSSimpleImageDownloader.h */; };
		26AF62831CD72B000028CCC7 /* JTSSimpleImageDownloader.m in Sources */ = {isa = PBXBuildFile; fileRef = 26AF62781CD72B000028CCC7 /* JTSSimpleImageDownloader.m */; };
		26AF62841CD72B000028CCC7 /* UIApplication+JTSImageViewController.h in Headers */ = {isa = PBXBuildFile; fileRef = 26AF62791CD72B000028CCC7 /* UIApplication+JTSImageViewController.h */; };
		26AF62851CD72B000028CCC7 /* UIApplication+JTSImageViewController.m in Sources */ = {isa = PBXBuildFile; fileRef = 26AF627A1CD72B000028CCC7 /* UIApplication+JTSImageViewController.m */; };
		26AF62861CD72B000028CCC7 /* UIImage+JTSImageEffects.h in Headers */ = {isa = PBXBuildFile; fileRef = 26AF627B1CD72B000028CCC7 /* UIImage+JTSImageEffects.h */; };
		26AF62871CD72B000028CCC7 /* UIImage+JTSImageEffects.m in Sources */ = {isa = PBXBuildFile; fileRef = 26AF627C1CD72B000028CCC7 /* UIImage+JTSImageEffects.m */; };
/* End PBXBuildFile section */

/* Begin PBXFileReference section */
		26AF62671CD72AC10028CCC7 /* JTSImageViewController.framework */ = {isa = PBXFileReference; explicitFileType = wrapper.framework; includeInIndex = 0; path = JTSImageViewController.framework; sourceTree = BUILT_PRODUCTS_DIR; };
		26AF626A1CD72AC10028CCC7 /* JTSImageViewController.h */ = {isa = PBXFileReference; lastKnownFileType = sourcecode.c.h; path = JTSImageViewController.h; sourceTree = "<group>"; };
		26AF626C1CD72AC10028CCC7 /* Info.plist */ = {isa = PBXFileReference; lastKnownFileType = text.plist.xml; path = Info.plist; sourceTree = "<group>"; };
		26AF62721CD72B000028CCC7 /* JTSAnimatedGIFUtility.h */ = {isa = PBXFileReference; fileEncoding = 4; lastKnownFileType = sourcecode.c.h; path = JTSAnimatedGIFUtility.h; sourceTree = "<group>"; };
		26AF62731CD72B000028CCC7 /* JTSAnimatedGIFUtility.m */ = {isa = PBXFileReference; fileEncoding = 4; lastKnownFileType = sourcecode.c.objc; path = JTSAnimatedGIFUtility.m; sourceTree = "<group>"; };
		26AF62741CD72B000028CCC7 /* JTSImageInfo.h */ = {isa = PBXFileReference; fileEncoding = 4; lastKnownFileType = sourcecode.c.h; path = JTSImageInfo.h; sourceTree = "<group>"; };
		26AF62751CD72B000028CCC7 /* JTSImageInfo.m */ = {isa = PBXFileReference; fileEncoding = 4; lastKnownFileType = sourcecode.c.objc; path = JTSImageInfo.m; sourceTree = "<group>"; };
		26AF62761CD72B000028CCC7 /* JTSImageViewController.m */ = {isa = PBXFileReference; fileEncoding = 4; lastKnownFileType = sourcecode.c.objc; path = JTSImageViewController.m; sourceTree = "<group>"; };
		26AF62771CD72B000028CCC7 /* JTSSimpleImageDownloader.h */ = {isa = PBXFileReference; fileEncoding = 4; lastKnownFileType = sourcecode.c.h; path = JTSSimpleImageDownloader.h; sourceTree = "<group>"; };
		26AF62781CD72B000028CCC7 /* JTSSimpleImageDownloader.m */ = {isa = PBXFileReference; fileEncoding = 4; lastKnownFileType = sourcecode.c.objc; path = JTSSimpleImageDownloader.m; sourceTree = "<group>"; };
		26AF62791CD72B000028CCC7 /* UIApplication+JTSImageViewController.h */ = {isa = PBXFileReference; fileEncoding = 4; lastKnownFileType = sourcecode.c.h; path = "UIApplication+JTSImageViewController.h"; sourceTree = "<group>"; };
		26AF627A1CD72B000028CCC7 /* UIApplication+JTSImageViewController.m */ = {isa = PBXFileReference; fileEncoding = 4; lastKnownFileType = sourcecode.c.objc; path = "UIApplication+JTSImageViewController.m"; sourceTree = "<group>"; };
		26AF627B1CD72B000028CCC7 /* UIImage+JTSImageEffects.h */ = {isa = PBXFileReference; fileEncoding = 4; lastKnownFileType = sourcecode.c.h; path = "UIImage+JTSImageEffects.h"; sourceTree = "<group>"; };
		26AF627C1CD72B000028CCC7 /* UIImage+JTSImageEffects.m */ = {isa = PBXFileReference; fileEncoding = 4; lastKnownFileType = sourcecode.c.objc; path = "UIImage+JTSImageEffects.m"; sourceTree = "<group>"; };
/* End PBXFileReference section */

/* Begin PBXFrameworksBuildPhase section */
		26AF62631CD72AC10028CCC7 /* Frameworks */ = {
			isa = PBXFrameworksBuildPhase;
			buildActionMask = 2147483647;
			files = (
			);
			runOnlyForDeploymentPostprocessing = 0;
		};
/* End PBXFrameworksBuildPhase section */

/* Begin PBXGroup section */
		26AF625D1CD72AC10028CCC7 = {
			isa = PBXGroup;
			children = (
				26AF62691CD72AC10028CCC7 /* JTSImageViewController */,
				26AF62681CD72AC10028CCC7 /* Products */,
			);
			sourceTree = "<group>";
		};
		26AF62681CD72AC10028CCC7 /* Products */ = {
			isa = PBXGroup;
			children = (
				26AF62671CD72AC10028CCC7 /* JTSImageViewController.framework */,
			);
			name = Products;
			sourceTree = "<group>";
		};
		26AF62691CD72AC10028CCC7 /* JTSImageViewController */ = {
			isa = PBXGroup;
			children = (
				26AF62721CD72B000028CCC7 /* JTSAnimatedGIFUtility.h */,
				26AF62731CD72B000028CCC7 /* JTSAnimatedGIFUtility.m */,
				26AF62741CD72B000028CCC7 /* JTSImageInfo.h */,
				26AF62751CD72B000028CCC7 /* JTSImageInfo.m */,
				26AF626A1CD72AC10028CCC7 /* JTSImageViewController.h */,
				26AF62761CD72B000028CCC7 /* JTSImageViewController.m */,
				26AF62771CD72B000028CCC7 /* JTSSimpleImageDownloader.h */,
				26AF62781CD72B000028CCC7 /* JTSSimpleImageDownloader.m */,
				26AF62791CD72B000028CCC7 /* UIApplication+JTSImageViewController.h */,
				26AF627A1CD72B000028CCC7 /* UIApplication+JTSImageViewController.m */,
				26AF627B1CD72B000028CCC7 /* UIImage+JTSImageEffects.h */,
				26AF627C1CD72B000028CCC7 /* UIImage+JTSImageEffects.m */,
				26AF626C1CD72AC10028CCC7 /* Info.plist */,
			);
			path = JTSImageViewController;
			sourceTree = "<group>";
		};
/* End PBXGroup section */

/* Begin PBXHeadersBuildPhase section */
		26AF62641CD72AC10028CCC7 /* Headers */ = {
			isa = PBXHeadersBuildPhase;
			buildActionMask = 2147483647;
			files = (
				26AF626B1CD72AC10028CCC7 /* JTSImageViewController.h in Headers */,
				26AF62821CD72B000028CCC7 /* JTSSimpleImageDownloader.h in Headers */,
				26AF627F1CD72B000028CCC7 /* JTSImageInfo.h in Headers */,
				26AF62841CD72B000028CCC7 /* UIApplication+JTSImageViewController.h in Headers */,
				26AF627D1CD72B000028CCC7 /* JTSAnimatedGIFUtility.h in Headers */,
				26AF62861CD72B000028CCC7 /* UIImage+JTSImageEffects.h in Headers */,
			);
			runOnlyForDeploymentPostprocessing = 0;
		};
/* End PBXHeadersBuildPhase section */

/* Begin PBXNativeTarget section */
		26AF62661CD72AC10028CCC7 /* JTSImageViewController */ = {
			isa = PBXNativeTarget;
			buildConfigurationList = 26AF626F1CD72AC10028CCC7 /* Build configuration list for PBXNativeTarget "JTSImageViewController" */;
			buildPhases = (
				26AF62621CD72AC10028CCC7 /* Sources */,
				26AF62631CD72AC10028CCC7 /* Frameworks */,
				26AF62641CD72AC10028CCC7 /* Headers */,
				26AF62651CD72AC10028CCC7 /* Resources */,
			);
			buildRules = (
			);
			dependencies = (
			);
			name = JTSImageViewController;
			productName = JTSImageViewController;
			productReference = 26AF62671CD72AC10028CCC7 /* JTSImageViewController.framework */;
			productType = "com.apple.product-type.framework";
		};
/* End PBXNativeTarget section */

/* Begin PBXProject section */
		26AF625E1CD72AC10028CCC7 /* Project object */ = {
			isa = PBXProject;
			attributes = {
				LastUpgradeCheck = 0730;
				ORGANIZATIONNAME = "Sven Bacia";
				TargetAttributes = {
					26AF62661CD72AC10028CCC7 = {
						CreatedOnToolsVersion = 7.3;
					};
				};
			};
			buildConfigurationList = 26AF62611CD72AC10028CCC7 /* Build configuration list for PBXProject "JTSImageViewController" */;
			compatibilityVersion = "Xcode 3.2";
			developmentRegion = English;
			hasScannedForEncodings = 0;
			knownRegions = (
				en,
			);
			mainGroup = 26AF625D1CD72AC10028CCC7;
			productRefGroup = 26AF62681CD72AC10028CCC7 /* Products */;
			projectDirPath = "";
			projectRoot = "";
			targets = (
				26AF62661CD72AC10028CCC7 /* JTSImageViewController */,
			);
		};
/* End PBXProject section */

/* Begin PBXResourcesBuildPhase section */
		26AF62651CD72AC10028CCC7 /* Resources */ = {
			isa = PBXResourcesBuildPhase;
			buildActionMask = 2147483647;
			files = (
			);
			runOnlyForDeploymentPostprocessing = 0;
		};
/* End PBXResourcesBuildPhase section */

/* Begin PBXSourcesBuildPhase section */
		26AF62621CD72AC10028CCC7 /* Sources */ = {
			isa = PBXSourcesBuildPhase;
			buildActionMask = 2147483647;
			files = (
				26AF627E1CD72B000028CCC7 /* JTSAnimatedGIFUtility.m in Sources */,
				26AF62801CD72B000028CCC7 /* JTSImageInfo.m in Sources */,
				26AF62871CD72B000028CCC7 /* UIImage+JTSImageEffects.m in Sources */,
				26AF62831CD72B000028CCC7 /* JTSSimpleImageDownloader.m in Sources */,
				26AF62851CD72B000028CCC7 /* UIApplication+JTSImageViewController.m in Sources */,
				26AF62811CD72B000028CCC7 /* JTSImageViewController.m in Sources */,
			);
			runOnlyForDeploymentPostprocessing = 0;
		};
/* End PBXSourcesBuildPhase section */

/* Begin XCBuildConfiguration section */
		26AF626D1CD72AC10028CCC7 /* Debug */ = {
			isa = XCBuildConfiguration;
			buildSettings = {
				ALWAYS_SEARCH_USER_PATHS = NO;
				CLANG_ANALYZER_NONNULL = YES;
				CLANG_CXX_LANGUAGE_STANDARD = "gnu++0x";
				CLANG_CXX_LIBRARY = "libc++";
				CLANG_ENABLE_MODULES = YES;
				CLANG_ENABLE_OBJC_ARC = YES;
				CLANG_WARN_BOOL_CONVERSION = YES;
				CLANG_WARN_CONSTANT_CONVERSION = YES;
				CLANG_WARN_DIRECT_OBJC_ISA_USAGE = YES_ERROR;
				CLANG_WARN_EMPTY_BODY = YES;
				CLANG_WARN_ENUM_CONVERSION = YES;
				CLANG_WARN_INT_CONVERSION = YES;
				CLANG_WARN_OBJC_ROOT_CLASS = YES_ERROR;
				CLANG_WARN_UNREACHABLE_CODE = YES;
				CLANG_WARN__DUPLICATE_METHOD_MATCH = YES;
				"CODE_SIGN_IDENTITY[sdk=iphoneos*]" = "iPhone Developer";
				COPY_PHASE_STRIP = NO;
				CURRENT_PROJECT_VERSION = 1;
				DEBUG_INFORMATION_FORMAT = dwarf;
				ENABLE_STRICT_OBJC_MSGSEND = YES;
				ENABLE_TESTABILITY = YES;
				GCC_C_LANGUAGE_STANDARD = gnu99;
				GCC_DYNAMIC_NO_PIC = NO;
				GCC_NO_COMMON_BLOCKS = YES;
				GCC_OPTIMIZATION_LEVEL = 0;
				GCC_PREPROCESSOR_DEFINITIONS = (
					"DEBUG=1",
					"$(inherited)",
				);
				GCC_WARN_64_TO_32_BIT_CONVERSION = YES;
				GCC_WARN_ABOUT_RETURN_TYPE = YES_ERROR;
				GCC_WARN_UNDECLARED_SELECTOR = YES;
				GCC_WARN_UNINITIALIZED_AUTOS = YES_AGGRESSIVE;
				GCC_WARN_UNUSED_FUNCTION = YES;
				GCC_WARN_UNUSED_VARIABLE = YES;
				IPHONEOS_DEPLOYMENT_TARGET = 9.3;
				MTL_ENABLE_DEBUG_INFO = YES;
				ONLY_ACTIVE_ARCH = YES;
				SDKROOT = iphoneos;
				TARGETED_DEVICE_FAMILY = "1,2";
				VERSIONING_SYSTEM = "apple-generic";
				VERSION_INFO_PREFIX = "";
			};
			name = Debug;
		};
		26AF626E1CD72AC10028CCC7 /* Release */ = {
			isa = XCBuildConfiguration;
			buildSettings = {
				ALWAYS_SEARCH_USER_PATHS = NO;
				CLANG_ANALYZER_NONNULL = YES;
				CLANG_CXX_LANGUAGE_STANDARD = "gnu++0x";
				CLANG_CXX_LIBRARY = "libc++";
				CLANG_ENABLE_MODULES = YES;
				CLANG_ENABLE_OBJC_ARC = YES;
				CLANG_WARN_BOOL_CONVERSION = YES;
				CLANG_WARN_CONSTANT_CONVERSION = YES;
				CLANG_WARN_DIRECT_OBJC_ISA_USAGE = YES_ERROR;
				CLANG_WARN_EMPTY_BODY = YES;
				CLANG_WARN_ENUM_CONVERSION = YES;
				CLANG_WARN_INT_CONVERSION = YES;
				CLANG_WARN_OBJC_ROOT_CLASS = YES_ERROR;
				CLANG_WARN_UNREACHABLE_CODE = YES;
				CLANG_WARN__DUPLICATE_METHOD_MATCH = YES;
				"CODE_SIGN_IDENTITY[sdk=iphoneos*]" = "iPhone Developer";
				COPY_PHASE_STRIP = NO;
				CURRENT_PROJECT_VERSION = 1;
				DEBUG_INFORMATION_FORMAT = "dwarf-with-dsym";
				ENABLE_NS_ASSERTIONS = NO;
				ENABLE_STRICT_OBJC_MSGSEND = YES;
				GCC_C_LANGUAGE_STANDARD = gnu99;
				GCC_NO_COMMON_BLOCKS = YES;
				GCC_WARN_64_TO_32_BIT_CONVERSION = YES;
				GCC_WARN_ABOUT_RETURN_TYPE = YES_ERROR;
				GCC_WARN_UNDECLARED_SELECTOR = YES;
				GCC_WARN_UNINITIALIZED_AUTOS = YES_AGGRESSIVE;
				GCC_WARN_UNUSED_FUNCTION = YES;
				GCC_WARN_UNUSED_VARIABLE = YES;
				IPHONEOS_DEPLOYMENT_TARGET = 9.3;
				MTL_ENABLE_DEBUG_INFO = NO;
				SDKROOT = iphoneos;
				TARGETED_DEVICE_FAMILY = "1,2";
				VALIDATE_PRODUCT = YES;
				VERSIONING_SYSTEM = "apple-generic";
				VERSION_INFO_PREFIX = "";
			};
			name = Release;
		};
		26AF62701CD72AC10028CCC7 /* Debug */ = {
			isa = XCBuildConfiguration;
			buildSettings = {
				DEFINES_MODULE = YES;
				DYLIB_COMPATIBILITY_VERSION = 1;
				DYLIB_CURRENT_VERSION = 1;
				DYLIB_INSTALL_NAME_BASE = "@rpath";
				INFOPLIST_FILE = JTSImageViewController/Info.plist;
				INSTALL_PATH = "$(LOCAL_LIBRARY_DIR)/Frameworks";
				IPHONEOS_DEPLOYMENT_TARGET = 8.4;
				LD_RUNPATH_SEARCH_PATHS = "$(inherited) @executable_path/Frameworks @loader_path/Frameworks";
				PRODUCT_BUNDLE_IDENTIFIER = com.svenbacia.JTSImageViewController;
				PRODUCT_NAME = "$(TARGET_NAME)";
				SKIP_INSTALL = YES;
			};
			name = Debug;
		};
		26AF62711CD72AC10028CCC7 /* Release */ = {
			isa = XCBuildConfiguration;
			buildSettings = {
				DEFINES_MODULE = YES;
				DYLIB_COMPATIBILITY_VERSION = 1;
				DYLIB_CURRENT_VERSION = 1;
				DYLIB_INSTALL_NAME_BASE = "@rpath";
				INFOPLIST_FILE = JTSImageViewController/Info.plist;
				INSTALL_PATH = "$(LOCAL_LIBRARY_DIR)/Frameworks";
				IPHONEOS_DEPLOYMENT_TARGET = 8.4;
				LD_RUNPATH_SEARCH_PATHS = "$(inherited) @executable_path/Frameworks @loader_path/Frameworks";
				PRODUCT_BUNDLE_IDENTIFIER = com.svenbacia.JTSImageViewController;
				PRODUCT_NAME = "$(TARGET_NAME)";
				SKIP_INSTALL = YES;
			};
			name = Release;
		};
/* End XCBuildConfiguration section */

/* Begin XCConfigurationList section */
		26AF62611CD72AC10028CCC7 /* Build configuration list for PBXProject "JTSImageViewController" */ = {
			isa = XCConfigurationList;
			buildConfigurations = (
				26AF626D1CD72AC10028CCC7 /* Debug */,
				26AF626E1CD72AC10028CCC7 /* Release */,
			);
			defaultConfigurationIsVisible = 0;
			defaultConfigurationName = Release;
		};
		26AF626F1CD72AC10028CCC7 /* Build configuration list for PBXNativeTarget "JTSImageViewController" */ = {
			isa = XCConfigurationList;
			buildConfigurations = (
				26AF62701CD72AC10028CCC7 /* Debug */,
				26AF62711CD72AC10028CCC7 /* Release */,
			);
			defaultConfigurationIsVisible = 0;
		};
/* End XCConfigurationList section */
	};
	rootObject = 26AF625E1CD72AC10028CCC7 /* Project object */;
}
